
Microsoft Visual Studio Solution File, Format Version 12.00
# Visual Studio Version 17
VisualStudioVersion = 17.2.32505.173
MinimumVisualStudioVersion = 10.0.40219.1
Project("{FAE04EC0-301F-11D3-BF4B-00C04F79EFBC}") = "Session1", "Session1.csproj", "{9AEBD22F-04A0-4042-A94F-A46682F1AA0B}"
EndProject
Project("{FAE04EC0-301F-11D3-BF4B-00C04F79EFBC}") = "Session2", "Session2\Session2.csproj", "{64DDCB0D-431A-4620-9970-1DF50FDEDF15}"
EndProject
Project("{FAE04EC0-301F-11D3-BF4B-00C04F79EFBC}") = "StatusControl", "StatusControl\StatusControl.csproj", "{7DA74E1F-0939-40DC-9F77-79F496389CBE}"
EndProject
Project("{FAE04EC0-301F-11D3-BF4B-00C04F79EFBC}") = "EquipmentSetup", "EquipmentSetup\EquipmentSetup.csproj", "{B11B8772-693E-4CCC-B46C-405D8133740D}"
EndProject
Project("{FAE04EC0-301F-11D3-BF4B-00C04F79EFBC}") = "CalculationNumberBaseStation", "CalculationNumberBaseStation\CalculationNumberBaseStation.csproj", "{94CAB2C6-9704-42E6-9070-0E69305348C1}"
EndProject
Global
	GlobalSection(SolutionConfigurationPlatforms) = preSolution
		Debug|Any CPU = Debug|Any CPU
		Release|Any CPU = Release|Any CPU
	EndGlobalSection
	GlobalSection(ProjectConfigurationPlatforms) = postSolution
		{9AEBD22F-04A0-4042-A94F-A46682F1AA0B}.Debug|Any CPU.ActiveCfg = Debug|Any CPU
		{9AEBD22F-04A0-4042-A94F-A46682F1AA0B}.Debug|Any CPU.Build.0 = Debug|Any CPU
		{9AEBD22F-04A0-4042-A94F-A46682F1AA0B}.Release|Any CPU.ActiveCfg = Release|Any CPU
		{9AEBD22F-04A0-4042-A94F-A46682F1AA0B}.Release|Any CPU.Build.0 = Release|Any CPU
		{64DDCB0D-431A-4620-9970-1DF50FDEDF15}.Debug|Any CPU.ActiveCfg = Debug|Any CPU
		{64DDCB0D-431A-4620-9970-1DF50FDEDF15}.Debug|Any CPU.Build.0 = Debug|Any CPU
		{64DDCB0D-431A-4620-9970-1DF50FDEDF15}.Release|Any CPU.ActiveCfg = Release|Any CPU
		{64DDCB0D-431A-4620-9970-1DF50FDEDF15}.Release|Any CPU.Build.0 = Release|Any CPU
		{7DA74E1F-0939-40DC-9F77-79F496389CBE}.Debug|Any CPU.ActiveCfg = Debug|Any CPU
		{7DA74E1F-0939-40DC-9F77-79F496389CBE}.Debug|Any CPU.Build.0 = Debug|Any CPU
		{7DA74E1F-0939-40DC-9F77-79F496389CBE}.Release|Any CPU.ActiveCfg = Release|Any CPU
		{7DA74E1F-0939-40DC-9F77-79F496389CBE}.Release|Any CPU.Build.0 = Release|Any CPU
		{B11B8772-693E-4CCC-B46C-405D8133740D}.Debug|Any CPU.ActiveCfg = Debug|Any CPU
		{B11B8772-693E-4CCC-B46C-405D8133740D}.Debug|Any CPU.Build.0 = Debug|Any CPU
		{B11B8772-693E-4CCC-B46C-405D8133740D}.Release|Any CPU.ActiveCfg = Release|Any CPU
		{B11B8772-693E-4CCC-B46C-405D8133740D}.Release|Any CPU.Build.0 = Release|Any CPU
		{94CAB2C6-9704-42E6-9070-0E69305348C1}.Debug|Any CPU.ActiveCfg = Debug|Any CPU
		{94CAB2C6-9704-42E6-9070-0E69305348C1}.Debug|Any CPU.Build.0 = Debug|Any CPU
		{94CAB2C6-9704-42E6-9070-0E69305348C1}.Release|Any CPU.ActiveCfg = Release|Any CPU
		{94CAB2C6-9704-42E6-9070-0E69305348C1}.Release|Any CPU.Build.0 = Release|Any CPU
	EndGlobalSection
	GlobalSection(SolutionProperties) = preSolution
		HideSolutionNode = FALSE
	EndGlobalSection
	GlobalSection(ExtensibilityGlobals) = postSolution
		SolutionGuid = {D82E5284-D50D-45AF-B136-7C0B7B6FA7F9}
	EndGlobalSection
EndGlobal
